
Microsoft Visual Studio Solution File, Format Version 12.00
# Visual Studio Version 17
VisualStudioVersion = 17.0.32126.317
MinimumVisualStudioVersion = 10.0.40219.1
Project("{FAE04EC0-301F-11D3-BF4B-00C04F79EFBC}") = "OOTP Lab4", "OOTP Lab4.csproj", "{4A7D1F48-B7B4-400D-ABF4-A988E0257DC8}"
EndProject
Global
	GlobalSection(SolutionConfigurationPlatforms) = preSolution
		Debug|Any CPU = Debug|Any CPU
		Release|Any CPU = Release|Any CPU
	EndGlobalSection
	GlobalSection(ProjectConfigurationPlatforms) = postSolution
		{4A7D1F48-B7B4-400D-ABF4-A988E0257DC8}.Debug|Any CPU.ActiveCfg = Debug|Any CPU
		{4A7D1F48-B7B4-400D-ABF4-A988E0257DC8}.Debug|Any CPU.Build.0 = Debug|Any CPU
		{4A7D1F48-B7B4-400D-ABF4-A988E0257DC8}.Release|Any CPU.ActiveCfg = Release|Any CPU
		{4A7D1F48-B7B4-400D-ABF4-A988E0257DC8}.Release|Any CPU.Build.0 = Release|Any CPU
	EndGlobalSection
	GlobalSection(SolutionProperties) = preSolution
		HideSolutionNode = FALSE
	EndGlobalSection
	GlobalSection(ExtensibilityGlobals) = postSolution
		SolutionGuid = {7669427D-DFAF-4709-9B85-F34281D0477C}
	EndGlobalSection
EndGlobal
