
Microsoft Visual Studio Solution File, Format Version 12.00
# Visual Studio Version 17
VisualStudioVersion = 17.0.32126.317
MinimumVisualStudioVersion = 10.0.40219.1
Project("{FAE04EC0-301F-11D3-BF4B-00C04F79EFBC}") = "TestLab 6", "TestLab 6.csproj", "{A56C79D2-A4CF-49B0-825F-771564412993}"
EndProject
Global
	GlobalSection(SolutionConfigurationPlatforms) = preSolution
		Debug|Any CPU = Debug|Any CPU
		Release|Any CPU = Release|Any CPU
	EndGlobalSection
	GlobalSection(ProjectConfigurationPlatforms) = postSolution
		{A56C79D2-A4CF-49B0-825F-771564412993}.Debug|Any CPU.ActiveCfg = Debug|Any CPU
		{A56C79D2-A4CF-49B0-825F-771564412993}.Debug|Any CPU.Build.0 = Debug|Any CPU
		{A56C79D2-A4CF-49B0-825F-771564412993}.Release|Any CPU.ActiveCfg = Release|Any CPU
		{A56C79D2-A4CF-49B0-825F-771564412993}.Release|Any CPU.Build.0 = Release|Any CPU
	EndGlobalSection
	GlobalSection(SolutionProperties) = preSolution
		HideSolutionNode = FALSE
	EndGlobalSection
	GlobalSection(ExtensibilityGlobals) = postSolution
		SolutionGuid = {15E7B2B6-FEEE-41EC-8786-24E70B06E95A}
	EndGlobalSection
EndGlobal
